# generated by rye
# use `rye lock` or `rye sync` to update this lockfile
#
# last locked with the following flags:
#   pre: false
#   features: []
#   all-features: false
#   with-sources: false
#   generate-hashes: false
#   universal: false

-e file:.
absl-py==2.2.2
    # via tensorboard
albucore==0.0.24
    # via albumentations
albumentations==2.0.7
    # via recce
annotated-types==0.7.0
    # via pydantic
certifi==2025.4.26
    # via requests
charset-normalizer==3.4.2
    # via requests
contourpy==1.3.2
    # via matplotlib
cycler==0.12.1
    # via matplotlib
filelock==3.18.0
    # via huggingface-hub
    # via torch
fonttools==4.58.0
    # via matplotlib
fsspec==2025.5.1
    # via huggingface-hub
    # via torch
grpcio==1.71.0
    # via tensorboard
hf-xet==1.1.2
    # via huggingface-hub
huggingface-hub==0.32.0
    # via timm
idna==3.10
    # via requests
jinja2==3.1.6
    # via torch
joblib==1.5.1
    # via scikit-learn
kiwisolver==1.4.8
    # via matplotlib
markdown==3.8
    # via tensorboard
markupsafe==3.0.2
    # via jinja2
    # via werkzeug
matplotlib==3.10.3
    # via recce
    # via seaborn
mpmath==1.3.0
    # via sympy
networkx==3.4.2
    # via torch
numpy==2.2.6
    # via albucore
    # via albumentations
    # via contourpy
    # via matplotlib
    # via opencv-python
    # via opencv-python-headless
    # via pandas
    # via recce
    # via scikit-learn
    # via scipy
    # via seaborn
    # via tensorboard
    # via tensorboardx
    # via torchvision
opencv-python==4.11.0.86
    # via recce
opencv-python-headless==4.11.0.86
    # via albucore
    # via albumentations
packaging==25.0
    # via huggingface-hub
    # via matplotlib
    # via tensorboard
    # via tensorboardx
pandas==2.2.3
    # via seaborn
pillow==11.2.1
    # via matplotlib
    # via torchvision
protobuf==6.31.0
    # via tensorboard
    # via tensorboardx
pydantic==2.11.5
    # via albumentations
pydantic-core==2.33.2
    # via pydantic
pyparsing==3.2.3
    # via matplotlib
python-dateutil==2.9.0.post0
    # via matplotlib
    # via pandas
pytz==2025.2
    # via pandas
pyyaml==6.0.2
    # via albumentations
    # via huggingface-hub
    # via recce
    # via timm
requests==2.32.3
    # via huggingface-hub
safetensors==0.5.3
    # via timm
scikit-learn==1.6.1
    # via recce
scipy==1.15.3
    # via albumentations
    # via scikit-learn
seaborn==0.13.2
    # via recce
setuptools==80.8.0
    # via tensorboard
    # via torch
simsimd==6.2.1
    # via albucore
six==1.17.0
    # via python-dateutil
    # via tensorboard
stringzilla==3.12.5
    # via albucore
sympy==1.14.0
    # via torch
tensorboard==2.19.0
    # via recce
tensorboard-data-server==0.7.2
    # via tensorboard
tensorboardx==2.6.2.2
    # via recce
threadpoolctl==3.6.0
    # via scikit-learn
timm==1.0.15
    # via recce
torch==2.7.0
    # via recce
    # via timm
    # via torchvision
torchvision==0.22.0
    # via recce
    # via timm
tqdm==4.67.1
    # via huggingface-hub
    # via recce
typing-extensions==4.13.2
    # via huggingface-hub
    # via pydantic
    # via pydantic-core
    # via torch
    # via typing-inspection
typing-inspection==0.4.1
    # via pydantic
tzdata==2025.2
    # via pandas
urllib3==2.4.0
    # via requests
werkzeug==3.1.3
    # via tensorboard
